
Microsoft Visual Studio Solution File, Format Version 12.00
# Visual Studio Version 16
VisualStudioVersion = 16.0.31515.178
MinimumVisualStudioVersion = 10.0.40219.1
Project("{FAE04EC0-301F-11D3-BF4B-00C04F79EFBC}") = "BusDriverDetails", "BusDriverDetails\BusDriverDetails.csproj", "{B538E3B8-EDD0-4436-AD74-6C77A3282190}"
EndProject
Global
	GlobalSection(SolutionConfigurationPlatforms) = preSolution
		Debug|Any CPU = Debug|Any CPU
		Release|Any CPU = Release|Any CPU
	EndGlobalSection
	GlobalSection(ProjectConfigurationPlatforms) = postSolution
		{B538E3B8-EDD0-4436-AD74-6C77A3282190}.Debug|Any CPU.ActiveCfg = Debug|Any CPU
		{B538E3B8-EDD0-4436-AD74-6C77A3282190}.Debug|Any CPU.Build.0 = Debug|Any CPU
		{B538E3B8-EDD0-4436-AD74-6C77A3282190}.Release|Any CPU.ActiveCfg = Release|Any CPU
		{B538E3B8-EDD0-4436-AD74-6C77A3282190}.Release|Any CPU.Build.0 = Release|Any CPU
	EndGlobalSection
	GlobalSection(SolutionProperties) = preSolution
		HideSolutionNode = FALSE
	EndGlobalSection
	GlobalSection(ExtensibilityGlobals) = postSolution
		SolutionGuid = {A0119CBA-A497-4982-BB2E-584491B66E64}
	EndGlobalSection
EndGlobal
